
Microsoft Visual Studio Solution File, Format Version 12.00
# Visual Studio Version 16
VisualStudioVersion = 16.0.29519.181
MinimumVisualStudioVersion = 10.0.40219.1
Project("{8BC9CEB8-8B4A-11D0-8D11-00A0C91BC942}") = "day01", "day01\day01.vcxproj", "{B0646D01-6AB2-4804-9E26-C234C03D7820}"
EndProject
Project("{8BC9CEB8-8B4A-11D0-8D11-00A0C91BC942}") = "day02", "day02\day02.vcxproj", "{E6261D74-2BEE-4D12-B959-A382E479E8F9}"
EndProject
Project("{8BC9CEB8-8B4A-11D0-8D11-00A0C91BC942}") = "day03", "day03\day03.vcxproj", "{F310FD30-BD7B-41BB-B6C6-B42475CADDBF}"
EndProject
Project("{8BC9CEB8-8B4A-11D0-8D11-00A0C91BC942}") = "day04", "day04\day04.vcxproj", "{810273C5-A73E-4066-9AE1-22939F180171}"
EndProject
Project("{8BC9CEB8-8B4A-11D0-8D11-00A0C91BC942}") = "day05", "day05\day05.vcxproj", "{D853CF70-0C7B-4947-8E3C-D1168988B5CD}"
EndProject
Project("{8BC9CEB8-8B4A-11D0-8D11-00A0C91BC942}") = "day06", "day06\day06.vcxproj", "{FD738EE7-E4D4-49E6-82CE-61E6C536EC42}"
EndProject
Project("{8BC9CEB8-8B4A-11D0-8D11-00A0C91BC942}") = "day07", "day07\day07.vcxproj", "{5715B28B-675F-4D0D-8CFD-9361C8065698}"
EndProject
Project("{8BC9CEB8-8B4A-11D0-8D11-00A0C91BC942}") = "day08", "day08\day08.vcxproj", "{574E3C50-69B1-4CAE-AB0B-3C86C48581B3}"
EndProject
Project("{8BC9CEB8-8B4A-11D0-8D11-00A0C91BC942}") = "day09", "day09\day09.vcxproj", "{BBCFB783-0213-49D1-822D-62C7D46C80C9}"
EndProject
Global
	GlobalSection(SolutionConfigurationPlatforms) = preSolution
		Debug|x64 = Debug|x64
		Debug|x86 = Debug|x86
		Release|x64 = Release|x64
		Release|x86 = Release|x86
	EndGlobalSection
	GlobalSection(ProjectConfigurationPlatforms) = postSolution
		{B0646D01-6AB2-4804-9E26-C234C03D7820}.Debug|x64.ActiveCfg = Debug|x64
		{B0646D01-6AB2-4804-9E26-C234C03D7820}.Debug|x64.Build.0 = Debug|x64
		{B0646D01-6AB2-4804-9E26-C234C03D7820}.Debug|x86.ActiveCfg = Debug|Win32
		{B0646D01-6AB2-4804-9E26-C234C03D7820}.Debug|x86.Build.0 = Debug|Win32
		{B0646D01-6AB2-4804-9E26-C234C03D7820}.Release|x64.ActiveCfg = Release|x64
		{B0646D01-6AB2-4804-9E26-C234C03D7820}.Release|x64.Build.0 = Release|x64
		{B0646D01-6AB2-4804-9E26-C234C03D7820}.Release|x86.ActiveCfg = Release|Win32
		{B0646D01-6AB2-4804-9E26-C234C03D7820}.Release|x86.Build.0 = Release|Win32
		{E6261D74-2BEE-4D12-B959-A382E479E8F9}.Debug|x64.ActiveCfg = Debug|x64
		{E6261D74-2BEE-4D12-B959-A382E479E8F9}.Debug|x64.Build.0 = Debug|x64
		{E6261D74-2BEE-4D12-B959-A382E479E8F9}.Debug|x86.ActiveCfg = Debug|Win32
		{E6261D74-2BEE-4D12-B959-A382E479E8F9}.Debug|x86.Build.0 = Debug|Win32
		{E6261D74-2BEE-4D12-B959-A382E479E8F9}.Release|x64.ActiveCfg = Release|x64
		{E6261D74-2BEE-4D12-B959-A382E479E8F9}.Release|x64.Build.0 = Release|x64
		{E6261D74-2BEE-4D12-B959-A382E479E8F9}.Release|x86.ActiveCfg = Release|Win32
		{E6261D74-2BEE-4D12-B959-A382E479E8F9}.Release|x86.Build.0 = Release|Win32
		{F310FD30-BD7B-41BB-B6C6-B42475CADDBF}.Debug|x64.ActiveCfg = Debug|x64
		{F310FD30-BD7B-41BB-B6C6-B42475CADDBF}.Debug|x64.Build.0 = Debug|x64
		{F310FD30-BD7B-41BB-B6C6-B42475CADDBF}.Debug|x86.ActiveCfg = Debug|Win32
		{F310FD30-BD7B-41BB-B6C6-B42475CADDBF}.Debug|x86.Build.0 = Debug|Win32
		{F310FD30-BD7B-41BB-B6C6-B42475CADDBF}.Release|x64.ActiveCfg = Release|x64
		{F310FD30-BD7B-41BB-B6C6-B42475CADDBF}.Release|x64.Build.0 = Release|x64
		{F310FD30-BD7B-41BB-B6C6-B42475CADDBF}.Release|x86.ActiveCfg = Release|Win32
		{F310FD30-BD7B-41BB-B6C6-B42475CADDBF}.Release|x86.Build.0 = Release|Win32
		{810273C5-A73E-4066-9AE1-22939F180171}.Debug|x64.ActiveCfg = Debug|x64
		{810273C5-A73E-4066-9AE1-22939F180171}.Debug|x64.Build.0 = Debug|x64
		{810273C5-A73E-4066-9AE1-22939F180171}.Debug|x86.ActiveCfg = Debug|Win32
		{810273C5-A73E-4066-9AE1-22939F180171}.Debug|x86.Build.0 = Debug|Win32
		{810273C5-A73E-4066-9AE1-22939F180171}.Release|x64.ActiveCfg = Release|x64
		{810273C5-A73E-4066-9AE1-22939F180171}.Release|x64.Build.0 = Release|x64
		{810273C5-A73E-4066-9AE1-22939F180171}.Release|x86.ActiveCfg = Release|Win32
		{810273C5-A73E-4066-9AE1-22939F180171}.Release|x86.Build.0 = Release|Win32
		{D853CF70-0C7B-4947-8E3C-D1168988B5CD}.Debug|x64.ActiveCfg = Debug|x64
		{D853CF70-0C7B-4947-8E3C-D1168988B5CD}.Debug|x64.Build.0 = Debug|x64
		{D853CF70-0C7B-4947-8E3C-D1168988B5CD}.Debug|x86.ActiveCfg = Debug|Win32
		{D853CF70-0C7B-4947-8E3C-D1168988B5CD}.Debug|x86.Build.0 = Debug|Win32
		{D853CF70-0C7B-4947-8E3C-D1168988B5CD}.Release|x64.ActiveCfg = Release|x64
		{D853CF70-0C7B-4947-8E3C-D1168988B5CD}.Release|x64.Build.0 = Release|x64
		{D853CF70-0C7B-4947-8E3C-D1168988B5CD}.Release|x86.ActiveCfg = Release|Win32
		{D853CF70-0C7B-4947-8E3C-D1168988B5CD}.Release|x86.Build.0 = Release|Win32
		{FD738EE7-E4D4-49E6-82CE-61E6C536EC42}.Debug|x64.ActiveCfg = Debug|x64
		{FD738EE7-E4D4-49E6-82CE-61E6C536EC42}.Debug|x64.Build.0 = Debug|x64
		{FD738EE7-E4D4-49E6-82CE-61E6C536EC42}.Debug|x86.ActiveCfg = Debug|Win32
		{FD738EE7-E4D4-49E6-82CE-61E6C536EC42}.Debug|x86.Build.0 = Debug|Win32
		{FD738EE7-E4D4-49E6-82CE-61E6C536EC42}.Release|x64.ActiveCfg = Release|x64
		{FD738EE7-E4D4-49E6-82CE-61E6C536EC42}.Release|x64.Build.0 = Release|x64
		{FD738EE7-E4D4-49E6-82CE-61E6C536EC42}.Release|x86.ActiveCfg = Release|Win32
		{FD738EE7-E4D4-49E6-82CE-61E6C536EC42}.Release|x86.Build.0 = Release|Win32
		{5715B28B-675F-4D0D-8CFD-9361C8065698}.Debug|x64.ActiveCfg = Debug|x64
		{5715B28B-675F-4D0D-8CFD-9361C8065698}.Debug|x64.Build.0 = Debug|x64
		{5715B28B-675F-4D0D-8CFD-9361C8065698}.Debug|x86.ActiveCfg = Debug|Win32
		{5715B28B-675F-4D0D-8CFD-9361C8065698}.Debug|x86.Build.0 = Debug|Win32
		{5715B28B-675F-4D0D-8CFD-9361C8065698}.Release|x64.ActiveCfg = Release|x64
		{5715B28B-675F-4D0D-8CFD-9361C8065698}.Release|x64.Build.0 = Release|x64
		{5715B28B-675F-4D0D-8CFD-9361C8065698}.Release|x86.ActiveCfg = Release|Win32
		{5715B28B-675F-4D0D-8CFD-9361C8065698}.Release|x86.Build.0 = Release|Win32
		{574E3C50-69B1-4CAE-AB0B-3C86C48581B3}.Debug|x64.ActiveCfg = Debug|x64
		{574E3C50-69B1-4CAE-AB0B-3C86C48581B3}.Debug|x64.Build.0 = Debug|x64
		{574E3C50-69B1-4CAE-AB0B-3C86C48581B3}.Debug|x86.ActiveCfg = Debug|Win32
		{574E3C50-69B1-4CAE-AB0B-3C86C48581B3}.Debug|x86.Build.0 = Debug|Win32
		{574E3C50-69B1-4CAE-AB0B-3C86C48581B3}.Release|x64.ActiveCfg = Release|x64
		{574E3C50-69B1-4CAE-AB0B-3C86C48581B3}.Release|x64.Build.0 = Release|x64
		{574E3C50-69B1-4CAE-AB0B-3C86C48581B3}.Release|x86.ActiveCfg = Release|Win32
		{574E3C50-69B1-4CAE-AB0B-3C86C48581B3}.Release|x86.Build.0 = Release|Win32
		{BBCFB783-0213-49D1-822D-62C7D46C80C9}.Debug|x64.ActiveCfg = Debug|x64
		{BBCFB783-0213-49D1-822D-62C7D46C80C9}.Debug|x64.Build.0 = Debug|x64
		{BBCFB783-0213-49D1-822D-62C7D46C80C9}.Debug|x86.ActiveCfg = Debug|Win32
		{BBCFB783-0213-49D1-822D-62C7D46C80C9}.Debug|x86.Build.0 = Debug|Win32
		{BBCFB783-0213-49D1-822D-62C7D46C80C9}.Release|x64.ActiveCfg = Release|x64
		{BBCFB783-0213-49D1-822D-62C7D46C80C9}.Release|x64.Build.0 = Release|x64
		{BBCFB783-0213-49D1-822D-62C7D46C80C9}.Release|x86.ActiveCfg = Release|Win32
		{BBCFB783-0213-49D1-822D-62C7D46C80C9}.Release|x86.Build.0 = Release|Win32
	EndGlobalSection
	GlobalSection(SolutionProperties) = preSolution
		HideSolutionNode = FALSE
	EndGlobalSection
	GlobalSection(ExtensibilityGlobals) = postSolution
		SolutionGuid = {7B7A365A-933D-46E5-B061-42D4623E6F0F}
	EndGlobalSection
EndGlobal
