
Microsoft Visual Studio Solution File, Format Version 12.00
# Visual Studio Version 16
VisualStudioVersion = 16.0.29519.181
MinimumVisualStudioVersion = 10.0.40219.1
Project("{8BC9CEB8-8B4A-11D0-8D11-00A0C91BC942}") = "day01", "day01\day01.vcxproj", "{B0646D01-6AB2-4804-9E26-C234C03D7820}"
EndProject
Project("{8BC9CEB8-8B4A-11D0-8D11-00A0C91BC942}") = "day02", "day02\day02.vcxproj", "{E6261D74-2BEE-4D12-B959-A382E479E8F9}"
EndProject
Project("{8BC9CEB8-8B4A-11D0-8D11-00A0C91BC942}") = "day03", "day03\day03.vcxproj", "{F310FD30-BD7B-41BB-B6C6-B42475CADDBF}"
EndProject
Project("{8BC9CEB8-8B4A-11D0-8D11-00A0C91BC942}") = "day04", "day04\day04.vcxproj", "{810273C5-A73E-4066-9AE1-22939F180171}"
EndProject
Project("{8BC9CEB8-8B4A-11D0-8D11-00A0C91BC942}") = "day05", "day05\day05.vcxproj", "{D853CF70-0C7B-4947-8E3C-D1168988B5CD}"
EndProject
Project("{8BC9CEB8-8B4A-11D0-8D11-00A0C91BC942}") = "day06", "day06\day06.vcxproj", "{FD738EE7-E4D4-49E6-82CE-61E6C536EC42}"
EndProject
Project("{8BC9CEB8-8B4A-11D0-8D11-00A0C91BC942}") = "day07", "day07\day07.vcxproj", "{5715B28B-675F-4D0D-8CFD-9361C8065698}"
EndProject
Project("{8BC9CEB8-8B4A-11D0-8D11-00A0C91BC942}") = "day08", "day08\day08.vcxproj", "{574E3C50-69B1-4CAE-AB0B-3C86C48581B3}"
EndProject
Project("{8BC9CEB8-8B4A-11D0-8D11-00A0C91BC942}") = "day09", "day09\day09.vcxproj", "{BBCFB783-0213-49D1-822D-62C7D46C80C9}"
EndProject
Project("{8BC9CEB8-8B4A-11D0-8D11-00A0C91BC942}") = "day10", "day10\day10.vcxproj", "{1973EBBE-EB61-407D-BC29-D50D78D1F8D7}"
EndProject
Project("{8BC9CEB8-8B4A-11D0-8D11-00A0C91BC942}") = "day11", "day11\day11.vcxproj", "{B504BD69-5091-44B0-853D-872570DD726E}"
EndProject
Project("{2150E333-8FDC-42A3-9474-1A3956D46DE8}") = "day12", "day12", "{CD1BFB36-AD61-4D3E-B7A6-B0176BB5DB42}"
EndProject
Project("{8BC9CEB8-8B4A-11D0-8D11-00A0C91BC942}") = "day12", "day12\day12\day12.vcxproj", "{49FD7D54-9628-4897-BE47-1FB9E1F18FC3}"
EndProject
Project("{8BC9CEB8-8B4A-11D0-8D11-00A0C91BC942}") = "day12-lib", "day12\day12-lib\day12-lib.vcxproj", "{ABA44543-1AD9-48DD-8332-E29D0EBD9EE5}"
EndProject
Project("{8BC9CEB8-8B4A-11D0-8D11-00A0C91BC942}") = "day12-tests", "day12\day12-tests\day12-tests.vcxproj", "{EE7D2546-7C8F-480A-B345-7C35BE890B46}"
EndProject
Project("{2150E333-8FDC-42A3-9474-1A3956D46DE8}") = "day13", "day13", "{77B913D7-FEAC-4DF4-936B-7EDA5727EA4E}"
EndProject
Project("{8BC9CEB8-8B4A-11D0-8D11-00A0C91BC942}") = "day13", "day13\day13\day13.vcxproj", "{CE330CCF-4DD4-4F2F-BD98-DC4FD832E3CF}"
EndProject
Project("{8BC9CEB8-8B4A-11D0-8D11-00A0C91BC942}") = "day13-tests", "day13\day13-tests\day13-tests.vcxproj", "{A34A65B7-1E94-4001-81AC-CBEDBA61061E}"
EndProject
Project("{8BC9CEB8-8B4A-11D0-8D11-00A0C91BC942}") = "day13-lib", "day13\day13-lib\day13-lib.vcxproj", "{B44B5214-5DED-42C7-B273-E0518751BDB3}"
EndProject
Project("{2150E333-8FDC-42A3-9474-1A3956D46DE8}") = "day14", "day14", "{1C0DD9C6-8048-4915-975C-B809012DEC06}"
EndProject
Project("{8BC9CEB8-8B4A-11D0-8D11-00A0C91BC942}") = "day14", "day14\day14\day14.vcxproj", "{FF2DB0D9-9BCA-4C33-B36A-9116B5451962}"
EndProject
Project("{8BC9CEB8-8B4A-11D0-8D11-00A0C91BC942}") = "day14-lib", "day14\day14-lib\day14-lib.vcxproj", "{B2012117-9BE2-47CE-8E39-2EB3670EDC7E}"
EndProject
Project("{8BC9CEB8-8B4A-11D0-8D11-00A0C91BC942}") = "day14-tests", "day14\day14-tests\day14-tests.vcxproj", "{927A0AEB-C308-45AD-A273-B5BF2BB9A28C}"
EndProject
Global
	GlobalSection(SolutionConfigurationPlatforms) = preSolution
		Debug|x64 = Debug|x64
		Debug|x86 = Debug|x86
		Release|x64 = Release|x64
		Release|x86 = Release|x86
	EndGlobalSection
	GlobalSection(ProjectConfigurationPlatforms) = postSolution
		{B0646D01-6AB2-4804-9E26-C234C03D7820}.Debug|x64.ActiveCfg = Debug|x64
		{B0646D01-6AB2-4804-9E26-C234C03D7820}.Debug|x64.Build.0 = Debug|x64
		{B0646D01-6AB2-4804-9E26-C234C03D7820}.Debug|x86.ActiveCfg = Debug|Win32
		{B0646D01-6AB2-4804-9E26-C234C03D7820}.Debug|x86.Build.0 = Debug|Win32
		{B0646D01-6AB2-4804-9E26-C234C03D7820}.Release|x64.ActiveCfg = Release|x64
		{B0646D01-6AB2-4804-9E26-C234C03D7820}.Release|x64.Build.0 = Release|x64
		{B0646D01-6AB2-4804-9E26-C234C03D7820}.Release|x86.ActiveCfg = Release|Win32
		{B0646D01-6AB2-4804-9E26-C234C03D7820}.Release|x86.Build.0 = Release|Win32
		{E6261D74-2BEE-4D12-B959-A382E479E8F9}.Debug|x64.ActiveCfg = Debug|x64
		{E6261D74-2BEE-4D12-B959-A382E479E8F9}.Debug|x64.Build.0 = Debug|x64
		{E6261D74-2BEE-4D12-B959-A382E479E8F9}.Debug|x86.ActiveCfg = Debug|Win32
		{E6261D74-2BEE-4D12-B959-A382E479E8F9}.Debug|x86.Build.0 = Debug|Win32
		{E6261D74-2BEE-4D12-B959-A382E479E8F9}.Release|x64.ActiveCfg = Release|x64
		{E6261D74-2BEE-4D12-B959-A382E479E8F9}.Release|x64.Build.0 = Release|x64
		{E6261D74-2BEE-4D12-B959-A382E479E8F9}.Release|x86.ActiveCfg = Release|Win32
		{E6261D74-2BEE-4D12-B959-A382E479E8F9}.Release|x86.Build.0 = Release|Win32
		{F310FD30-BD7B-41BB-B6C6-B42475CADDBF}.Debug|x64.ActiveCfg = Debug|x64
		{F310FD30-BD7B-41BB-B6C6-B42475CADDBF}.Debug|x64.Build.0 = Debug|x64
		{F310FD30-BD7B-41BB-B6C6-B42475CADDBF}.Debug|x86.ActiveCfg = Debug|Win32
		{F310FD30-BD7B-41BB-B6C6-B42475CADDBF}.Debug|x86.Build.0 = Debug|Win32
		{F310FD30-BD7B-41BB-B6C6-B42475CADDBF}.Release|x64.ActiveCfg = Release|x64
		{F310FD30-BD7B-41BB-B6C6-B42475CADDBF}.Release|x64.Build.0 = Release|x64
		{F310FD30-BD7B-41BB-B6C6-B42475CADDBF}.Release|x86.ActiveCfg = Release|Win32
		{F310FD30-BD7B-41BB-B6C6-B42475CADDBF}.Release|x86.Build.0 = Release|Win32
		{810273C5-A73E-4066-9AE1-22939F180171}.Debug|x64.ActiveCfg = Debug|x64
		{810273C5-A73E-4066-9AE1-22939F180171}.Debug|x64.Build.0 = Debug|x64
		{810273C5-A73E-4066-9AE1-22939F180171}.Debug|x86.ActiveCfg = Debug|Win32
		{810273C5-A73E-4066-9AE1-22939F180171}.Debug|x86.Build.0 = Debug|Win32
		{810273C5-A73E-4066-9AE1-22939F180171}.Release|x64.ActiveCfg = Release|x64
		{810273C5-A73E-4066-9AE1-22939F180171}.Release|x64.Build.0 = Release|x64
		{810273C5-A73E-4066-9AE1-22939F180171}.Release|x86.ActiveCfg = Release|Win32
		{810273C5-A73E-4066-9AE1-22939F180171}.Release|x86.Build.0 = Release|Win32
		{D853CF70-0C7B-4947-8E3C-D1168988B5CD}.Debug|x64.ActiveCfg = Debug|x64
		{D853CF70-0C7B-4947-8E3C-D1168988B5CD}.Debug|x64.Build.0 = Debug|x64
		{D853CF70-0C7B-4947-8E3C-D1168988B5CD}.Debug|x86.ActiveCfg = Debug|Win32
		{D853CF70-0C7B-4947-8E3C-D1168988B5CD}.Debug|x86.Build.0 = Debug|Win32
		{D853CF70-0C7B-4947-8E3C-D1168988B5CD}.Release|x64.ActiveCfg = Release|x64
		{D853CF70-0C7B-4947-8E3C-D1168988B5CD}.Release|x64.Build.0 = Release|x64
		{D853CF70-0C7B-4947-8E3C-D1168988B5CD}.Release|x86.ActiveCfg = Release|Win32
		{D853CF70-0C7B-4947-8E3C-D1168988B5CD}.Release|x86.Build.0 = Release|Win32
		{FD738EE7-E4D4-49E6-82CE-61E6C536EC42}.Debug|x64.ActiveCfg = Debug|x64
		{FD738EE7-E4D4-49E6-82CE-61E6C536EC42}.Debug|x64.Build.0 = Debug|x64
		{FD738EE7-E4D4-49E6-82CE-61E6C536EC42}.Debug|x86.ActiveCfg = Debug|Win32
		{FD738EE7-E4D4-49E6-82CE-61E6C536EC42}.Debug|x86.Build.0 = Debug|Win32
		{FD738EE7-E4D4-49E6-82CE-61E6C536EC42}.Release|x64.ActiveCfg = Release|x64
		{FD738EE7-E4D4-49E6-82CE-61E6C536EC42}.Release|x64.Build.0 = Release|x64
		{FD738EE7-E4D4-49E6-82CE-61E6C536EC42}.Release|x86.ActiveCfg = Release|Win32
		{FD738EE7-E4D4-49E6-82CE-61E6C536EC42}.Release|x86.Build.0 = Release|Win32
		{5715B28B-675F-4D0D-8CFD-9361C8065698}.Debug|x64.ActiveCfg = Debug|x64
		{5715B28B-675F-4D0D-8CFD-9361C8065698}.Debug|x64.Build.0 = Debug|x64
		{5715B28B-675F-4D0D-8CFD-9361C8065698}.Debug|x86.ActiveCfg = Debug|Win32
		{5715B28B-675F-4D0D-8CFD-9361C8065698}.Debug|x86.Build.0 = Debug|Win32
		{5715B28B-675F-4D0D-8CFD-9361C8065698}.Release|x64.ActiveCfg = Release|x64
		{5715B28B-675F-4D0D-8CFD-9361C8065698}.Release|x64.Build.0 = Release|x64
		{5715B28B-675F-4D0D-8CFD-9361C8065698}.Release|x86.ActiveCfg = Release|Win32
		{5715B28B-675F-4D0D-8CFD-9361C8065698}.Release|x86.Build.0 = Release|Win32
		{574E3C50-69B1-4CAE-AB0B-3C86C48581B3}.Debug|x64.ActiveCfg = Debug|x64
		{574E3C50-69B1-4CAE-AB0B-3C86C48581B3}.Debug|x64.Build.0 = Debug|x64
		{574E3C50-69B1-4CAE-AB0B-3C86C48581B3}.Debug|x86.ActiveCfg = Debug|Win32
		{574E3C50-69B1-4CAE-AB0B-3C86C48581B3}.Debug|x86.Build.0 = Debug|Win32
		{574E3C50-69B1-4CAE-AB0B-3C86C48581B3}.Release|x64.ActiveCfg = Release|x64
		{574E3C50-69B1-4CAE-AB0B-3C86C48581B3}.Release|x64.Build.0 = Release|x64
		{574E3C50-69B1-4CAE-AB0B-3C86C48581B3}.Release|x86.ActiveCfg = Release|Win32
		{574E3C50-69B1-4CAE-AB0B-3C86C48581B3}.Release|x86.Build.0 = Release|Win32
		{BBCFB783-0213-49D1-822D-62C7D46C80C9}.Debug|x64.ActiveCfg = Debug|x64
		{BBCFB783-0213-49D1-822D-62C7D46C80C9}.Debug|x64.Build.0 = Debug|x64
		{BBCFB783-0213-49D1-822D-62C7D46C80C9}.Debug|x86.ActiveCfg = Debug|Win32
		{BBCFB783-0213-49D1-822D-62C7D46C80C9}.Debug|x86.Build.0 = Debug|Win32
		{BBCFB783-0213-49D1-822D-62C7D46C80C9}.Release|x64.ActiveCfg = Release|x64
		{BBCFB783-0213-49D1-822D-62C7D46C80C9}.Release|x64.Build.0 = Release|x64
		{BBCFB783-0213-49D1-822D-62C7D46C80C9}.Release|x86.ActiveCfg = Release|Win32
		{BBCFB783-0213-49D1-822D-62C7D46C80C9}.Release|x86.Build.0 = Release|Win32
		{1973EBBE-EB61-407D-BC29-D50D78D1F8D7}.Debug|x64.ActiveCfg = Debug|x64
		{1973EBBE-EB61-407D-BC29-D50D78D1F8D7}.Debug|x64.Build.0 = Debug|x64
		{1973EBBE-EB61-407D-BC29-D50D78D1F8D7}.Debug|x86.ActiveCfg = Debug|Win32
		{1973EBBE-EB61-407D-BC29-D50D78D1F8D7}.Debug|x86.Build.0 = Debug|Win32
		{1973EBBE-EB61-407D-BC29-D50D78D1F8D7}.Release|x64.ActiveCfg = Release|x64
		{1973EBBE-EB61-407D-BC29-D50D78D1F8D7}.Release|x64.Build.0 = Release|x64
		{1973EBBE-EB61-407D-BC29-D50D78D1F8D7}.Release|x86.ActiveCfg = Release|Win32
		{1973EBBE-EB61-407D-BC29-D50D78D1F8D7}.Release|x86.Build.0 = Release|Win32
		{B504BD69-5091-44B0-853D-872570DD726E}.Debug|x64.ActiveCfg = Debug|x64
		{B504BD69-5091-44B0-853D-872570DD726E}.Debug|x64.Build.0 = Debug|x64
		{B504BD69-5091-44B0-853D-872570DD726E}.Debug|x86.ActiveCfg = Debug|Win32
		{B504BD69-5091-44B0-853D-872570DD726E}.Debug|x86.Build.0 = Debug|Win32
		{B504BD69-5091-44B0-853D-872570DD726E}.Release|x64.ActiveCfg = Release|x64
		{B504BD69-5091-44B0-853D-872570DD726E}.Release|x64.Build.0 = Release|x64
		{B504BD69-5091-44B0-853D-872570DD726E}.Release|x86.ActiveCfg = Release|Win32
		{B504BD69-5091-44B0-853D-872570DD726E}.Release|x86.Build.0 = Release|Win32
		{49FD7D54-9628-4897-BE47-1FB9E1F18FC3}.Debug|x64.ActiveCfg = Debug|x64
		{49FD7D54-9628-4897-BE47-1FB9E1F18FC3}.Debug|x64.Build.0 = Debug|x64
		{49FD7D54-9628-4897-BE47-1FB9E1F18FC3}.Debug|x86.ActiveCfg = Debug|Win32
		{49FD7D54-9628-4897-BE47-1FB9E1F18FC3}.Debug|x86.Build.0 = Debug|Win32
		{49FD7D54-9628-4897-BE47-1FB9E1F18FC3}.Release|x64.ActiveCfg = Release|x64
		{49FD7D54-9628-4897-BE47-1FB9E1F18FC3}.Release|x64.Build.0 = Release|x64
		{49FD7D54-9628-4897-BE47-1FB9E1F18FC3}.Release|x86.ActiveCfg = Release|Win32
		{49FD7D54-9628-4897-BE47-1FB9E1F18FC3}.Release|x86.Build.0 = Release|Win32
		{ABA44543-1AD9-48DD-8332-E29D0EBD9EE5}.Debug|x64.ActiveCfg = Debug|x64
		{ABA44543-1AD9-48DD-8332-E29D0EBD9EE5}.Debug|x64.Build.0 = Debug|x64
		{ABA44543-1AD9-48DD-8332-E29D0EBD9EE5}.Debug|x86.ActiveCfg = Debug|Win32
		{ABA44543-1AD9-48DD-8332-E29D0EBD9EE5}.Debug|x86.Build.0 = Debug|Win32
		{ABA44543-1AD9-48DD-8332-E29D0EBD9EE5}.Release|x64.ActiveCfg = Release|x64
		{ABA44543-1AD9-48DD-8332-E29D0EBD9EE5}.Release|x64.Build.0 = Release|x64
		{ABA44543-1AD9-48DD-8332-E29D0EBD9EE5}.Release|x86.ActiveCfg = Release|Win32
		{ABA44543-1AD9-48DD-8332-E29D0EBD9EE5}.Release|x86.Build.0 = Release|Win32
		{EE7D2546-7C8F-480A-B345-7C35BE890B46}.Debug|x64.ActiveCfg = Debug|x64
		{EE7D2546-7C8F-480A-B345-7C35BE890B46}.Debug|x64.Build.0 = Debug|x64
		{EE7D2546-7C8F-480A-B345-7C35BE890B46}.Debug|x86.ActiveCfg = Debug|Win32
		{EE7D2546-7C8F-480A-B345-7C35BE890B46}.Debug|x86.Build.0 = Debug|Win32
		{EE7D2546-7C8F-480A-B345-7C35BE890B46}.Release|x64.ActiveCfg = Release|x64
		{EE7D2546-7C8F-480A-B345-7C35BE890B46}.Release|x64.Build.0 = Release|x64
		{EE7D2546-7C8F-480A-B345-7C35BE890B46}.Release|x86.ActiveCfg = Release|Win32
		{EE7D2546-7C8F-480A-B345-7C35BE890B46}.Release|x86.Build.0 = Release|Win32
		{CE330CCF-4DD4-4F2F-BD98-DC4FD832E3CF}.Debug|x64.ActiveCfg = Debug|x64
		{CE330CCF-4DD4-4F2F-BD98-DC4FD832E3CF}.Debug|x64.Build.0 = Debug|x64
		{CE330CCF-4DD4-4F2F-BD98-DC4FD832E3CF}.Debug|x86.ActiveCfg = Debug|Win32
		{CE330CCF-4DD4-4F2F-BD98-DC4FD832E3CF}.Debug|x86.Build.0 = Debug|Win32
		{CE330CCF-4DD4-4F2F-BD98-DC4FD832E3CF}.Release|x64.ActiveCfg = Release|x64
		{CE330CCF-4DD4-4F2F-BD98-DC4FD832E3CF}.Release|x64.Build.0 = Release|x64
		{CE330CCF-4DD4-4F2F-BD98-DC4FD832E3CF}.Release|x86.ActiveCfg = Release|Win32
		{CE330CCF-4DD4-4F2F-BD98-DC4FD832E3CF}.Release|x86.Build.0 = Release|Win32
		{A34A65B7-1E94-4001-81AC-CBEDBA61061E}.Debug|x64.ActiveCfg = Debug|x64
		{A34A65B7-1E94-4001-81AC-CBEDBA61061E}.Debug|x64.Build.0 = Debug|x64
		{A34A65B7-1E94-4001-81AC-CBEDBA61061E}.Debug|x86.ActiveCfg = Debug|Win32
		{A34A65B7-1E94-4001-81AC-CBEDBA61061E}.Debug|x86.Build.0 = Debug|Win32
		{A34A65B7-1E94-4001-81AC-CBEDBA61061E}.Release|x64.ActiveCfg = Release|x64
		{A34A65B7-1E94-4001-81AC-CBEDBA61061E}.Release|x64.Build.0 = Release|x64
		{A34A65B7-1E94-4001-81AC-CBEDBA61061E}.Release|x86.ActiveCfg = Release|Win32
		{A34A65B7-1E94-4001-81AC-CBEDBA61061E}.Release|x86.Build.0 = Release|Win32
		{B44B5214-5DED-42C7-B273-E0518751BDB3}.Debug|x64.ActiveCfg = Debug|x64
		{B44B5214-5DED-42C7-B273-E0518751BDB3}.Debug|x64.Build.0 = Debug|x64
		{B44B5214-5DED-42C7-B273-E0518751BDB3}.Debug|x86.ActiveCfg = Debug|Win32
		{B44B5214-5DED-42C7-B273-E0518751BDB3}.Debug|x86.Build.0 = Debug|Win32
		{B44B5214-5DED-42C7-B273-E0518751BDB3}.Release|x64.ActiveCfg = Release|x64
		{B44B5214-5DED-42C7-B273-E0518751BDB3}.Release|x64.Build.0 = Release|x64
		{B44B5214-5DED-42C7-B273-E0518751BDB3}.Release|x86.ActiveCfg = Release|Win32
		{B44B5214-5DED-42C7-B273-E0518751BDB3}.Release|x86.Build.0 = Release|Win32
		{FF2DB0D9-9BCA-4C33-B36A-9116B5451962}.Debug|x64.ActiveCfg = Debug|x64
		{FF2DB0D9-9BCA-4C33-B36A-9116B5451962}.Debug|x64.Build.0 = Debug|x64
		{FF2DB0D9-9BCA-4C33-B36A-9116B5451962}.Debug|x86.ActiveCfg = Debug|Win32
		{FF2DB0D9-9BCA-4C33-B36A-9116B5451962}.Debug|x86.Build.0 = Debug|Win32
		{FF2DB0D9-9BCA-4C33-B36A-9116B5451962}.Release|x64.ActiveCfg = Release|x64
		{FF2DB0D9-9BCA-4C33-B36A-9116B5451962}.Release|x64.Build.0 = Release|x64
		{FF2DB0D9-9BCA-4C33-B36A-9116B5451962}.Release|x86.ActiveCfg = Release|Win32
		{FF2DB0D9-9BCA-4C33-B36A-9116B5451962}.Release|x86.Build.0 = Release|Win32
		{B2012117-9BE2-47CE-8E39-2EB3670EDC7E}.Debug|x64.ActiveCfg = Debug|x64
		{B2012117-9BE2-47CE-8E39-2EB3670EDC7E}.Debug|x64.Build.0 = Debug|x64
		{B2012117-9BE2-47CE-8E39-2EB3670EDC7E}.Debug|x86.ActiveCfg = Debug|Win32
		{B2012117-9BE2-47CE-8E39-2EB3670EDC7E}.Debug|x86.Build.0 = Debug|Win32
		{B2012117-9BE2-47CE-8E39-2EB3670EDC7E}.Release|x64.ActiveCfg = Release|x64
		{B2012117-9BE2-47CE-8E39-2EB3670EDC7E}.Release|x64.Build.0 = Release|x64
		{B2012117-9BE2-47CE-8E39-2EB3670EDC7E}.Release|x86.ActiveCfg = Release|Win32
		{B2012117-9BE2-47CE-8E39-2EB3670EDC7E}.Release|x86.Build.0 = Release|Win32
		{927A0AEB-C308-45AD-A273-B5BF2BB9A28C}.Debug|x64.ActiveCfg = Debug|x64
		{927A0AEB-C308-45AD-A273-B5BF2BB9A28C}.Debug|x64.Build.0 = Debug|x64
		{927A0AEB-C308-45AD-A273-B5BF2BB9A28C}.Debug|x86.ActiveCfg = Debug|Win32
		{927A0AEB-C308-45AD-A273-B5BF2BB9A28C}.Debug|x86.Build.0 = Debug|Win32
		{927A0AEB-C308-45AD-A273-B5BF2BB9A28C}.Release|x64.ActiveCfg = Release|x64
		{927A0AEB-C308-45AD-A273-B5BF2BB9A28C}.Release|x64.Build.0 = Release|x64
		{927A0AEB-C308-45AD-A273-B5BF2BB9A28C}.Release|x86.ActiveCfg = Release|Win32
		{927A0AEB-C308-45AD-A273-B5BF2BB9A28C}.Release|x86.Build.0 = Release|Win32
	EndGlobalSection
	GlobalSection(SolutionProperties) = preSolution
		HideSolutionNode = FALSE
	EndGlobalSection
	GlobalSection(NestedProjects) = preSolution
		{49FD7D54-9628-4897-BE47-1FB9E1F18FC3} = {CD1BFB36-AD61-4D3E-B7A6-B0176BB5DB42}
		{ABA44543-1AD9-48DD-8332-E29D0EBD9EE5} = {CD1BFB36-AD61-4D3E-B7A6-B0176BB5DB42}
		{EE7D2546-7C8F-480A-B345-7C35BE890B46} = {CD1BFB36-AD61-4D3E-B7A6-B0176BB5DB42}
		{CE330CCF-4DD4-4F2F-BD98-DC4FD832E3CF} = {77B913D7-FEAC-4DF4-936B-7EDA5727EA4E}
		{A34A65B7-1E94-4001-81AC-CBEDBA61061E} = {77B913D7-FEAC-4DF4-936B-7EDA5727EA4E}
		{B44B5214-5DED-42C7-B273-E0518751BDB3} = {77B913D7-FEAC-4DF4-936B-7EDA5727EA4E}
		{FF2DB0D9-9BCA-4C33-B36A-9116B5451962} = {1C0DD9C6-8048-4915-975C-B809012DEC06}
		{B2012117-9BE2-47CE-8E39-2EB3670EDC7E} = {1C0DD9C6-8048-4915-975C-B809012DEC06}
		{927A0AEB-C308-45AD-A273-B5BF2BB9A28C} = {1C0DD9C6-8048-4915-975C-B809012DEC06}
	EndGlobalSection
	GlobalSection(ExtensibilityGlobals) = postSolution
		SolutionGuid = {7B7A365A-933D-46E5-B061-42D4623E6F0F}
	EndGlobalSection
EndGlobal
